// !$*UTF8*$!
{
	archiveVersion = 1;
	classes = {
	};
	objectVersion = 55;
	objects = {

/* Begin PBXBuildFile section */
		D32265AF2798E3860053927F /* AppDelegate.swift in Sources */ = {isa = PBXBuildFile; fileRef = D32265AE2798E3860053927F /* AppDelegate.swift */; };
		D32265B12798E3860053927F /* SceneDelegate.swift in Sources */ = {isa = PBXBuildFile; fileRef = D32265B02798E3860053927F /* SceneDelegate.swift */; };
		D32265B32798E3860053927F /* ViewController.swift in Sources */ = {isa = PBXBuildFile; fileRef = D32265B22798E3860053927F /* ViewController.swift */; };
		D32265B62798E3860053927F /* Main.storyboard in Resources */ = {isa = PBXBuildFile; fileRef = D32265B42798E3860053927F /* Main.storyboard */; };
		D32265B82798E3870053927F /* Assets.xcassets in Resources */ = {isa = PBXBuildFile; fileRef = D32265B72798E3870053927F /* Assets.xcassets */; };
		D32265BB2798E3870053927F /* LaunchScreen.storyboard in Resources */ = {isa = PBXBuildFile; fileRef = D32265B92798E3870053927F /* LaunchScreen.storyboard */; };
		D32265C62798E3870053927F /* BurgerRecipeTests.swift in Sources */ = {isa = PBXBuildFile; fileRef = D32265C52798E3870053927F /* BurgerRecipeTests.swift */; };
		D32265D02798E3870053927F /* BurgerRecipeUITests.swift in Sources */ = {isa = PBXBuildFile; fileRef = D32265CF2798E3870053927F /* BurgerRecipeUITests.swift */; };
		D32265D22798E3870053927F /* BurgerRecipeUITestsLaunchTests.swift in Sources */ = {isa = PBXBuildFile; fileRef = D32265D12798E3870053927F /* BurgerRecipeUITestsLaunchTests.swift */; };
		D32265E82798E3FE0053927F /* RecipeDetail.storyboard in Resources */ = {isa = PBXBuildFile; fileRef = D32265E02798E3FE0053927F /* RecipeDetail.storyboard */; };
		D32265E92798E3FE0053927F /* AddRecipeViewController.swift in Sources */ = {isa = PBXBuildFile; fileRef = D32265E12798E3FE0053927F /* AddRecipeViewController.swift */; };
		D32265EA2798E3FE0053927F /* RecipeDetailViewController.swift in Sources */ = {isa = PBXBuildFile; fileRef = D32265E22798E3FE0053927F /* RecipeDetailViewController.swift */; };
		D32265EB2798E3FE0053927F /* BurgerResources in Resources */ = {isa = PBXBuildFile; fileRef = D32265E32798E3FE0053927F /* BurgerResources */; };
		D32265ED2798E3FE0053927F /* RecipeListViewController.swift in Sources */ = {isa = PBXBuildFile; fileRef = D32265E52798E3FE0053927F /* RecipeListViewController.swift */; };
		D32265EE2798E3FE0053927F /* Supporting Files in Resources */ = {isa = PBXBuildFile; fileRef = D32265E62798E3FE0053927F /* Supporting Files */; };
		D32265EF2798E3FE0053927F /* AddRecipe.storyboard in Resources */ = {isa = PBXBuildFile; fileRef = D32265E72798E3FE0053927F /* AddRecipe.storyboard */; };
		D32265F32798E4730053927F /* Burger.swift in Sources */ = {isa = PBXBuildFile; fileRef = D32265F12798E4730053927F /* Burger.swift */; };
		D32265F42798E4730053927F /* BurgerModel.swift in Sources */ = {isa = PBXBuildFile; fileRef = D32265F22798E4730053927F /* BurgerModel.swift */; };
/* End PBXBuildFile section */

/* Begin PBXContainerItemProxy section */
		D32265C22798E3870053927F /* PBXContainerItemProxy */ = {
			isa = PBXContainerItemProxy;
			containerPortal = D32265A32798E3860053927F /* Project object */;
			proxyType = 1;
			remoteGlobalIDString = D32265AA2798E3860053927F;
			remoteInfo = BurgerRecipe;
		};
		D32265CC2798E3870053927F /* PBXContainerItemProxy */ = {
			isa = PBXContainerItemProxy;
			containerPortal = D32265A32798E3860053927F /* Project object */;
			proxyType = 1;
			remoteGlobalIDString = D32265AA2798E3860053927F;
			remoteInfo = BurgerRecipe;
		};
/* End PBXContainerItemProxy section */

/* Begin PBXFileReference section */
		D32265AB2798E3860053927F /* BurgerRecipe.app */ = {isa = PBXFileReference; explicitFileType = wrapper.application; includeInIndex = 0; path = BurgerRecipe.app; sourceTree = BUILT_PRODUCTS_DIR; };
		D32265AE2798E3860053927F /* AppDelegate.swift */ = {isa = PBXFileReference; lastKnownFileType = sourcecode.swift; path = AppDelegate.swift; sourceTree = "<group>"; };
		D32265B02798E3860053927F /* SceneDelegate.swift */ = {isa = PBXFileReference; lastKnownFileType = sourcecode.swift; path = SceneDelegate.swift; sourceTree = "<group>"; };
		D32265B22798E3860053927F /* ViewController.swift */ = {isa = PBXFileReference; lastKnownFileType = sourcecode.swift; path = ViewController.swift; sourceTree = "<group>"; };
		D32265B52798E3860053927F /* Base */ = {isa = PBXFileReference; lastKnownFileType = file.storyboard; name = Base; path = Base.lproj/Main.storyboard; sourceTree = "<group>"; };
		D32265B72798E3870053927F /* Assets.xcassets */ = {isa = PBXFileReference; lastKnownFileType = folder.assetcatalog; path = Assets.xcassets; sourceTree = "<group>"; };
		D32265BA2798E3870053927F /* Base */ = {isa = PBXFileReference; lastKnownFileType = file.storyboard; name = Base; path = Base.lproj/LaunchScreen.storyboard; sourceTree = "<group>"; };
		D32265BC2798E3870053927F /* Info.plist */ = {isa = PBXFileReference; lastKnownFileType = text.plist.xml; path = Info.plist; sourceTree = "<group>"; };
		D32265C12798E3870053927F /* BurgerRecipeTests.xctest */ = {isa = PBXFileReference; explicitFileType = wrapper.cfbundle; includeInIndex = 0; path = BurgerRecipeTests.xctest; sourceTree = BUILT_PRODUCTS_DIR; };
		D32265C52798E3870053927F /* BurgerRecipeTests.swift */ = {isa = PBXFileReference; lastKnownFileType = sourcecode.swift; path = BurgerRecipeTests.swift; sourceTree = "<group>"; };
		D32265CB2798E3870053927F /* BurgerRecipeUITests.xctest */ = {isa = PBXFileReference; explicitFileType = wrapper.cfbundle; includeInIndex = 0; path = BurgerRecipeUITests.xctest; sourceTree = BUILT_PRODUCTS_DIR; };
		D32265CF2798E3870053927F /* BurgerRecipeUITests.swift */ = {isa = PBXFileReference; lastKnownFileType = sourcecode.swift; path = BurgerRecipeUITests.swift; sourceTree = "<group>"; };
		D32265D12798E3870053927F /* BurgerRecipeUITestsLaunchTests.swift */ = {isa = PBXFileReference; lastKnownFileType = sourcecode.swift; path = BurgerRecipeUITestsLaunchTests.swift; sourceTree = "<group>"; };
		D32265E02798E3FE0053927F /* RecipeDetail.storyboard */ = {isa = PBXFileReference; fileEncoding = 4; lastKnownFileType = file.storyboard; path = RecipeDetail.storyboard; sourceTree = "<group>"; };
		D32265E12798E3FE0053927F /* AddRecipeViewController.swift */ = {isa = PBXFileReference; fileEncoding = 4; lastKnownFileType = sourcecode.swift; path = AddRecipeViewController.swift; sourceTree = "<group>"; };
		D32265E22798E3FE0053927F /* RecipeDetailViewController.swift */ = {isa = PBXFileReference; fileEncoding = 4; lastKnownFileType = sourcecode.swift; path = RecipeDetailViewController.swift; sourceTree = "<group>"; };
		D32265E32798E3FE0053927F /* BurgerResources */ = {isa = PBXFileReference; lastKnownFileType = folder; path = BurgerResources; sourceTree = "<group>"; };
		D32265E52798E3FE0053927F /* RecipeListViewController.swift */ = {isa = PBXFileReference; fileEncoding = 4; lastKnownFileType = sourcecode.swift; path = RecipeListViewController.swift; sourceTree = "<group>"; };
		D32265E62798E3FE0053927F /* Supporting Files */ = {isa = PBXFileReference; lastKnownFileType = folder; path = "Supporting Files"; sourceTree = "<group>"; };
		D32265E72798E3FE0053927F /* AddRecipe.storyboard */ = {isa = PBXFileReference; fileEncoding = 4; lastKnownFileType = file.storyboard; path = AddRecipe.storyboard; sourceTree = "<group>"; };
		D32265F12798E4730053927F /* Burger.swift */ = {isa = PBXFileReference; fileEncoding = 4; lastKnownFileType = sourcecode.swift; path = Burger.swift; sourceTree = "<group>"; };
		D32265F22798E4730053927F /* BurgerModel.swift */ = {isa = PBXFileReference; fileEncoding = 4; lastKnownFileType = sourcecode.swift; path = BurgerModel.swift; sourceTree = "<group>"; };
/* End PBXFileReference section */

/* Begin PBXFrameworksBuildPhase section */
		D32265A82798E3860053927F /* Frameworks */ = {
			isa = PBXFrameworksBuildPhase;
			buildActionMask = 2147483647;
			files = (
			);
			runOnlyForDeploymentPostprocessing = 0;
		};
		D32265BE2798E3870053927F /* Frameworks */ = {
			isa = PBXFrameworksBuildPhase;
			buildActionMask = 2147483647;
			files = (
			);
			runOnlyForDeploymentPostprocessing = 0;
		};
		D32265C82798E3870053927F /* Frameworks */ = {
			isa = PBXFrameworksBuildPhase;
			buildActionMask = 2147483647;
			files = (
			);
			runOnlyForDeploymentPostprocessing = 0;
		};
/* End PBXFrameworksBuildPhase section */

/* Begin PBXGroup section */
		D32265A22798E3860053927F = {
			isa = PBXGroup;
			children = (
				D32265AD2798E3860053927F /* BurgerRecipe */,
				D32265C42798E3870053927F /* BurgerRecipeTests */,
				D32265CE2798E3870053927F /* BurgerRecipeUITests */,
				D32265AC2798E3860053927F /* Products */,
			);
			sourceTree = "<group>";
		};
		D32265AC2798E3860053927F /* Products */ = {
			isa = PBXGroup;
			children = (
				D32265AB2798E3860053927F /* BurgerRecipe.app */,
				D32265C12798E3870053927F /* BurgerRecipeTests.xctest */,
				D32265CB2798E3870053927F /* BurgerRecipeUITests.xctest */,
			);
			name = Products;
			sourceTree = "<group>";
		};
		D32265AD2798E3860053927F /* BurgerRecipe */ = {
			isa = PBXGroup;
			children = (
				D32265F02798E4690053927F /* Model */,
				D32265E32798E3FE0053927F /* BurgerResources */,
				D32265E02798E3FE0053927F /* RecipeDetail.storyboard */,
				D32265E72798E3FE0053927F /* AddRecipe.storyboard */,
				D32265B42798E3860053927F /* Main.storyboard */,
				D32265E12798E3FE0053927F /* AddRecipeViewController.swift */,
				D32265E22798E3FE0053927F /* RecipeDetailViewController.swift */,
				D32265E52798E3FE0053927F /* RecipeListViewController.swift */,
				D32265E62798E3FE0053927F /* Supporting Files */,
				D32265AE2798E3860053927F /* AppDelegate.swift */,
				D32265B02798E3860053927F /* SceneDelegate.swift */,
				D32265B22798E3860053927F /* ViewController.swift */,
				D32265B72798E3870053927F /* Assets.xcassets */,
				D32265B92798E3870053927F /* LaunchScreen.storyboard */,
				D32265BC2798E3870053927F /* Info.plist */,
			);
			path = BurgerRecipe;
			sourceTree = "<group>";
		};
		D32265C42798E3870053927F /* BurgerRecipeTests */ = {
			isa = PBXGroup;
			children = (
				D32265C52798E3870053927F /* BurgerRecipeTests.swift */,
			);
			path = BurgerRecipeTests;
			sourceTree = "<group>";
		};
		D32265CE2798E3870053927F /* BurgerRecipeUITests */ = {
			isa = PBXGroup;
			children = (
				D32265CF2798E3870053927F /* BurgerRecipeUITests.swift */,
				D32265D12798E3870053927F /* BurgerRecipeUITestsLaunchTests.swift */,
			);
			path = BurgerRecipeUITests;
			sourceTree = "<group>";
		};
		D32265F02798E4690053927F /* Model */ = {
			isa = PBXGroup;
			children = (
				D32265F12798E4730053927F /* Burger.swift */,
				D32265F22798E4730053927F /* BurgerModel.swift */,
			);
			path = Model;
			sourceTree = "<group>";
		};
/* End PBXGroup section */

/* Begin PBXNativeTarget section */
		D32265AA2798E3860053927F /* BurgerRecipe */ = {
			isa = PBXNativeTarget;
			buildConfigurationList = D32265D52798E3870053927F /* Build configuration list for PBXNativeTarget "BurgerRecipe" */;
			buildPhases = (
				D32265A72798E3860053927F /* Sources */,
				D32265A82798E3860053927F /* Frameworks */,
				D32265A92798E3860053927F /* Resources */,
			);
			buildRules = (
			);
			dependencies = (
			);
			name = BurgerRecipe;
			productName = BurgerRecipe;
			productReference = D32265AB2798E3860053927F /* BurgerRecipe.app */;
			productType = "com.apple.product-type.application";
		};
		D32265C02798E3870053927F /* BurgerRecipeTests */ = {
			isa = PBXNativeTarget;
			buildConfigurationList = D32265D82798E3870053927F /* Build configuration list for PBXNativeTarget "BurgerRecipeTests" */;
			buildPhases = (
				D32265BD2798E3870053927F /* Sources */,
				D32265BE2798E3870053927F /* Frameworks */,
				D32265BF2798E3870053927F /* Resources */,
			);
			buildRules = (
			);
			dependencies = (
				D32265C32798E3870053927F /* PBXTargetDependency */,
			);
			name = BurgerRecipeTests;
			productName = BurgerRecipeTests;
			productReference = D32265C12798E3870053927F /* BurgerRecipeTests.xctest */;
			productType = "com.apple.product-type.bundle.unit-test";
		};
		D32265CA2798E3870053927F /* BurgerRecipeUITests */ = {
			isa = PBXNativeTarget;
			buildConfigurationList = D32265DB2798E3870053927F /* Build configuration list for PBXNativeTarget "BurgerRecipeUITests" */;
			buildPhases = (
				D32265C72798E3870053927F /* Sources */,
				D32265C82798E3870053927F /* Frameworks */,
				D32265C92798E3870053927F /* Resources */,
			);
			buildRules = (
			);
			dependencies = (
				D32265CD2798E3870053927F /* PBXTargetDependency */,
			);
			name = BurgerRecipeUITests;
			productName = BurgerRecipeUITests;
			productReference = D32265CB2798E3870053927F /* BurgerRecipeUITests.xctest */;
			productType = "com.apple.product-type.bundle.ui-testing";
		};
/* End PBXNativeTarget section */

/* Begin PBXProject section */
		D32265A32798E3860053927F /* Project object */ = {
			isa = PBXProject;
			attributes = {
				BuildIndependentTargetsInParallel = 1;
				LastSwiftUpdateCheck = 1320;
				LastUpgradeCheck = 1320;
				TargetAttributes = {
					D32265AA2798E3860053927F = {
						CreatedOnToolsVersion = 13.2;
					};
					D32265C02798E3870053927F = {
						CreatedOnToolsVersion = 13.2;
						TestTargetID = D32265AA2798E3860053927F;
					};
					D32265CA2798E3870053927F = {
						CreatedOnToolsVersion = 13.2;
						TestTargetID = D32265AA2798E3860053927F;
					};
				};
			};
			buildConfigurationList = D32265A62798E3860053927F /* Build configuration list for PBXProject "BurgerRecipe" */;
			compatibilityVersion = "Xcode 13.0";
			developmentRegion = en;
			hasScannedForEncodings = 0;
			knownRegions = (
				en,
				Base,
			);
			mainGroup = D32265A22798E3860053927F;
			productRefGroup = D32265AC2798E3860053927F /* Products */;
			projectDirPath = "";
			projectRoot = "";
			targets = (
				D32265AA2798E3860053927F /* BurgerRecipe */,
				D32265C02798E3870053927F /* BurgerRecipeTests */,
				D32265CA2798E3870053927F /* BurgerRecipeUITests */,
			);
		};
/* End PBXProject section */

/* Begin PBXResourcesBuildPhase section */
		D32265A92798E3860053927F /* Resources */ = {
			isa = PBXResourcesBuildPhase;
			buildActionMask = 2147483647;
			files = (
				D32265EE2798E3FE0053927F /* Supporting Files in Resources */,
				D32265BB2798E3870053927F /* LaunchScreen.storyboard in Resources */,
				D32265E82798E3FE0053927F /* RecipeDetail.storyboard in Resources */,
				D32265EF2798E3FE0053927F /* AddRecipe.storyboard in Resources */,
				D32265B82798E3870053927F /* Assets.xcassets in Resources */,
				D32265EB2798E3FE0053927F /* BurgerResources in Resources */,
				D32265B62798E3860053927F /* Main.storyboard in Resources */,
			);
			runOnlyForDeploymentPostprocessing = 0;
		};
		D32265BF2798E3870053927F /* Resources */ = {
			isa = PBXResourcesBuildPhase;
			buildActionMask = 2147483647;
			files = (
			);
			runOnlyForDeploymentPostprocessing = 0;
		};
		D32265C92798E3870053927F /* Resources */ = {
			isa = PBXResourcesBuildPhase;
			buildActionMask = 2147483647;
			files = (
			);
			runOnlyForDeploymentPostprocessing = 0;
		};
/* End PBXResourcesBuildPhase section */

/* Begin PBXSourcesBuildPhase section */
		D32265A72798E3860053927F /* Sources */ = {
			isa = PBXSourcesBuildPhase;
			buildActionMask = 2147483647;
			files = (
				D32265F32798E4730053927F /* Burger.swift in Sources */,
				D32265E92798E3FE0053927F /* AddRecipeViewController.swift in Sources */,
				D32265B32798E3860053927F /* ViewController.swift in Sources */,
				D32265ED2798E3FE0053927F /* RecipeListViewController.swift in Sources */,
				D32265F42798E4730053927F /* BurgerModel.swift in Sources */,
				D32265AF2798E3860053927F /* AppDelegate.swift in Sources */,
				D32265EA2798E3FE0053927F /* RecipeDetailViewController.swift in Sources */,
				D32265B12798E3860053927F /* SceneDelegate.swift in Sources */,
			);
			runOnlyForDeploymentPostprocessing = 0;
		};
		D32265BD2798E3870053927F /* Sources */ = {
			isa = PBXSourcesBuildPhase;
			buildActionMask = 2147483647;
			files = (
				D32265C62798E3870053927F /* BurgerRecipeTests.swift in Sources */,
			);
			runOnlyForDeploymentPostprocessing = 0;
		};
		D32265C72798E3870053927F /* Sources */ = {
			isa = PBXSourcesBuildPhase;
			buildActionMask = 2147483647;
			files = (
				D32265D02798E3870053927F /* BurgerRecipeUITests.swift in Sources */,
				D32265D22798E3870053927F /* BurgerRecipeUITestsLaunchTests.swift in Sources */,
			);
			runOnlyForDeploymentPostprocessing = 0;
		};
/* End PBXSourcesBuildPhase section */

/* Begin PBXTargetDependency section */
		D32265C32798E3870053927F /* PBXTargetDependency */ = {
			isa = PBXTargetDependency;
			target = D32265AA2798E3860053927F /* BurgerRecipe */;
			targetProxy = D32265C22798E3870053927F /* PBXContainerItemProxy */;
		};
		D32265CD2798E3870053927F /* PBXTargetDependency */ = {
			isa = PBXTargetDependency;
			target = D32265AA2798E3860053927F /* BurgerRecipe */;
			targetProxy = D32265CC2798E3870053927F /* PBXContainerItemProxy */;
		};
/* End PBXTargetDependency section */

/* Begin PBXVariantGroup section */
		D32265B42798E3860053927F /* Main.storyboard */ = {
			isa = PBXVariantGroup;
			children = (
				D32265B52798E3860053927F /* Base */,
			);
			name = Main.storyboard;
			sourceTree = "<group>";
		};
		D32265B92798E3870053927F /* LaunchScreen.storyboard */ = {
			isa = PBXVariantGroup;
			children = (
				D32265BA2798E3870053927F /* Base */,
			);
			name = LaunchScreen.storyboard;
			sourceTree = "<group>";
		};
/* End PBXVariantGroup section */

/* Begin XCBuildConfiguration section */
		D32265D32798E3870053927F /* Debug */ = {
			isa = XCBuildConfiguration;
			buildSettings = {
				ALWAYS_SEARCH_USER_PATHS = NO;
				CLANG_ANALYZER_NONNULL = YES;
				CLANG_ANALYZER_NUMBER_OBJECT_CONVERSION = YES_AGGRESSIVE;
				CLANG_CXX_LANGUAGE_STANDARD = "gnu++17";
				CLANG_CXX_LIBRARY = "libc++";
				CLANG_ENABLE_MODULES = YES;
				CLANG_ENABLE_OBJC_ARC = YES;
				CLANG_ENABLE_OBJC_WEAK = YES;
				CLANG_WARN_BLOCK_CAPTURE_AUTORELEASING = YES;
				CLANG_WARN_BOOL_CONVERSION = YES;
				CLANG_WARN_COMMA = YES;
				CLANG_WARN_CONSTANT_CONVERSION = YES;
				CLANG_WARN_DEPRECATED_OBJC_IMPLEMENTATIONS = YES;
				CLANG_WARN_DIRECT_OBJC_ISA_USAGE = YES_ERROR;
				CLANG_WARN_DOCUMENTATION_COMMENTS = YES;
				CLANG_WARN_EMPTY_BODY = YES;
				CLANG_WARN_ENUM_CONVERSION = YES;
				CLANG_WARN_INFINITE_RECURSION = YES;
				CLANG_WARN_INT_CONVERSION = YES;
				CLANG_WARN_NON_LITERAL_NULL_CONVERSION = YES;
				CLANG_WARN_OBJC_IMPLICIT_RETAIN_SELF = YES;
				CLANG_WARN_OBJC_LITERAL_CONVERSION = YES;
				CLANG_WARN_OBJC_ROOT_CLASS = YES_ERROR;
				CLANG_WARN_QUOTED_INCLUDE_IN_FRAMEWORK_HEADER = YES;
				CLANG_WARN_RANGE_LOOP_ANALYSIS = YES;
				CLANG_WARN_STRICT_PROTOTYPES = YES;
				CLANG_WARN_SUSPICIOUS_MOVE = YES;
				CLANG_WARN_UNGUARDED_AVAILABILITY = YES_AGGRESSIVE;
				CLANG_WARN_UNREACHABLE_CODE = YES;
				CLANG_WARN__DUPLICATE_METHOD_MATCH = YES;
				COPY_PHASE_STRIP = NO;
				DEBUG_INFORMATION_FORMAT = dwarf;
				ENABLE_STRICT_OBJC_MSGSEND = YES;
				ENABLE_TESTABILITY = YES;
				GCC_C_LANGUAGE_STANDARD = gnu11;
				GCC_DYNAMIC_NO_PIC = NO;
				GCC_NO_COMMON_BLOCKS = YES;
				GCC_OPTIMIZATION_LEVEL = 0;
				GCC_PREPROCESSOR_DEFINITIONS = (
					"DEBUG=1",
					"$(inherited)",
				);
				GCC_WARN_64_TO_32_BIT_CONVERSION = YES;
				GCC_WARN_ABOUT_RETURN_TYPE = YES_ERROR;
				GCC_WARN_UNDECLARED_SELECTOR = YES;
				GCC_WARN_UNINITIALIZED_AUTOS = YES_AGGRESSIVE;
				GCC_WARN_UNUSED_FUNCTION = YES;
				GCC_WARN_UNUSED_VARIABLE = YES;
				IPHONEOS_DEPLOYMENT_TARGET = 15.2;
				MTL_ENABLE_DEBUG_INFO = INCLUDE_SOURCE;
				MTL_FAST_MATH = YES;
				ONLY_ACTIVE_ARCH = YES;
				SDKROOT = iphoneos;
				SWIFT_ACTIVE_COMPILATION_CONDITIONS = DEBUG;
				SWIFT_OPTIMIZATION_LEVEL = "-Onone";
			};
			name = Debug;
		};
		D32265D42798E3870053927F /* Release */ = {
			isa = XCBuildConfiguration;
			buildSettings = {
				ALWAYS_SEARCH_USER_PATHS = NO;
				CLANG_ANALYZER_NONNULL = YES;
				CLANG_ANALYZER_NUMBER_OBJECT_CONVERSION = YES_AGGRESSIVE;
				CLANG_CXX_LANGUAGE_STANDARD = "gnu++17";
				CLANG_CXX_LIBRARY = "libc++";
				CLANG_ENABLE_MODULES = YES;
				CLANG_ENABLE_OBJC_ARC = YES;
				CLANG_ENABLE_OBJC_WEAK = YES;
				CLANG_WARN_BLOCK_CAPTURE_AUTORELEASING = YES;
				CLANG_WARN_BOOL_CONVERSION = YES;
				CLANG_WARN_COMMA = YES;
				CLANG_WARN_CONSTANT_CONVERSION = YES;
				CLANG_WARN_DEPRECATED_OBJC_IMPLEMENTATIONS = YES;
				CLANG_WARN_DIRECT_OBJC_ISA_USAGE = YES_ERROR;
				CLANG_WARN_DOCUMENTATION_COMMENTS = YES;
				CLANG_WARN_EMPTY_BODY = YES;
				CLANG_WARN_ENUM_CONVERSION = YES;
				CLANG_WARN_INFINITE_RECURSION = YES;
				CLANG_WARN_INT_CONVERSION = YES;
				CLANG_WARN_NON_LITERAL_NULL_CONVERSION = YES;
				CLANG_WARN_OBJC_IMPLICIT_RETAIN_SELF = YES;
				CLANG_WARN_OBJC_LITERAL_CONVERSION = YES;
				CLANG_WARN_OBJC_ROOT_CLASS = YES_ERROR;
				CLANG_WARN_QUOTED_INCLUDE_IN_FRAMEWORK_HEADER = YES;
				CLANG_WARN_RANGE_LOOP_ANALYSIS = YES;
				CLANG_WARN_STRICT_PROTOTYPES = YES;
				CLANG_WARN_SUSPICIOUS_MOVE = YES;
				CLANG_WARN_UNGUARDED_AVAILABILITY = YES_AGGRESSIVE;
				CLANG_WARN_UNREACHABLE_CODE = YES;
				CLANG_WARN__DUPLICATE_METHOD_MATCH = YES;
				COPY_PHASE_STRIP = NO;
				DEBUG_INFORMATION_FORMAT = "dwarf-with-dsym";
				ENABLE_NS_ASSERTIONS = NO;
				ENABLE_STRICT_OBJC_MSGSEND = YES;
				GCC_C_LANGUAGE_STANDARD = gnu11;
				GCC_NO_COMMON_BLOCKS = YES;
				GCC_WARN_64_TO_32_BIT_CONVERSION = YES;
				GCC_WARN_ABOUT_RETURN_TYPE = YES_ERROR;
				GCC_WARN_UNDECLARED_SELECTOR = YES;
				GCC_WARN_UNINITIALIZED_AUTOS = YES_AGGRESSIVE;
				GCC_WARN_UNUSED_FUNCTION = YES;
				GCC_WARN_UNUSED_VARIABLE = YES;
				IPHONEOS_DEPLOYMENT_TARGET = 15.2;
				MTL_ENABLE_DEBUG_INFO = NO;
				MTL_FAST_MATH = YES;
				SDKROOT = iphoneos;
				SWIFT_COMPILATION_MODE = wholemodule;
				SWIFT_OPTIMIZATION_LEVEL = "-O";
				VALIDATE_PRODUCT = YES;
			};
			name = Release;
		};
		D32265D62798E3870053927F /* Debug */ = {
			isa = XCBuildConfiguration;
			buildSettings = {
				ASSETCATALOG_COMPILER_APPICON_NAME = AppIcon;
				ASSETCATALOG_COMPILER_GLOBAL_ACCENT_COLOR_NAME = AccentColor;
				CODE_SIGN_STYLE = Automatic;
				CURRENT_PROJECT_VERSION = 1;
				DEVELOPMENT_TEAM = U496GYFZ39;
				GENERATE_INFOPLIST_FILE = YES;
				INFOPLIST_FILE = BurgerRecipe/Info.plist;
				INFOPLIST_KEY_CFBundleDisplayName = BurgerRecipe;
				INFOPLIST_KEY_UIApplicationSupportsIndirectInputEvents = YES;
				INFOPLIST_KEY_UILaunchStoryboardName = LaunchScreen;
				INFOPLIST_KEY_UIMainStoryboardFile = Main;
				INFOPLIST_KEY_UISupportedInterfaceOrientations_iPad = "UIInterfaceOrientationPortrait UIInterfaceOrientationPortraitUpsideDown UIInterfaceOrientationLandscapeLeft UIInterfaceOrientationLandscapeRight";
				INFOPLIST_KEY_UISupportedInterfaceOrientations_iPhone = "UIInterfaceOrientationPortrait UIInterfaceOrientationLandscapeLeft UIInterfaceOrientationLandscapeRight";
				LD_RUNPATH_SEARCH_PATHS = (
					"$(inherited)",
					"@executable_path/Frameworks",
				);
				MARKETING_VERSION = 1.0;
				PRODUCT_BUNDLE_IDENTIFIER = com.tedtya.Burger.BurgerRecipe;
				PRODUCT_NAME = "$(TARGET_NAME)";
				SWIFT_EMIT_LOC_STRINGS = YES;
				SWIFT_VERSION = 5.0;
				TARGETED_DEVICE_FAMILY = "1,2";
			};
			name = Debug;
		};
		D32265D72798E3870053927F /* Release */ = {
			isa = XCBuildConfiguration;
			buildSettings = {
				ASSETCATALOG_COMPILER_APPICON_NAME = AppIcon;
				ASSETCATALOG_COMPILER_GLOBAL_ACCENT_COLOR_NAME = AccentColor;
				CODE_SIGN_STYLE = Automatic;
				CURRENT_PROJECT_VERSION = 1;
				DEVELOPMENT_TEAM = U496GYFZ39;
				GENERATE_INFOPLIST_FILE = YES;
				INFOPLIST_FILE = BurgerRecipe/Info.plist;
				INFOPLIST_KEY_CFBundleDisplayName = BurgerRecipe;
				INFOPLIST_KEY_UIApplicationSupportsIndirectInputEvents = YES;
				INFOPLIST_KEY_UILaunchStoryboardName = LaunchScreen;
				INFOPLIST_KEY_UIMainStoryboardFile = Main;
				INFOPLIST_KEY_UISupportedInterfaceOrientations_iPad = "UIInterfaceOrientationPortrait UIInterfaceOrientationPortraitUpsideDown UIInterfaceOrientationLandscapeLeft UIInterfaceOrientationLandscapeRight";
				INFOPLIST_KEY_UISupportedInterfaceOrientations_iPhone = "UIInterfaceOrientationPortrait UIInterfaceOrientationLandscapeLeft UIInterfaceOrientationLandscapeRight";
				LD_RUNPATH_SEARCH_PATHS = (
					"$(inherited)",
					"@executable_path/Frameworks",
				);
				MARKETING_VERSION = 1.0;
				PRODUCT_BUNDLE_IDENTIFIER = com.tedtya.Burger.BurgerRecipe;
				PRODUCT_NAME = "$(TARGET_NAME)";
				SWIFT_EMIT_LOC_STRINGS = YES;
				SWIFT_VERSION = 5.0;
				TARGETED_DEVICE_FAMILY = "1,2";
			};
			name = Release;
		};
		D32265D92798E3870053927F /* Debug */ = {
			isa = XCBuildConfiguration;
			buildSettings = {
				ALWAYS_EMBED_SWIFT_STANDARD_LIBRARIES = YES;
				BUNDLE_LOADER = "$(TEST_HOST)";
				CODE_SIGN_STYLE = Automatic;
				CURRENT_PROJECT_VERSION = 1;
				GENERATE_INFOPLIST_FILE = YES;
				IPHONEOS_DEPLOYMENT_TARGET = 15.2;
				MARKETING_VERSION = 1.0;
				PRODUCT_BUNDLE_IDENTIFIER = com.tedtya.Burger.BurgerRecipeTests;
				PRODUCT_NAME = "$(TARGET_NAME)";
				SWIFT_EMIT_LOC_STRINGS = NO;
				SWIFT_VERSION = 5.0;
				TARGETED_DEVICE_FAMILY = "1,2";
				TEST_HOST = "$(BUILT_PRODUCTS_DIR)/BurgerRecipe.app/BurgerRecipe";
			};
			name = Debug;
		};
		D32265DA2798E3870053927F /* Release */ = {
			isa = XCBuildConfiguration;
			buildSettings = {
				ALWAYS_EMBED_SWIFT_STANDARD_LIBRARIES = YES;
				BUNDLE_LOADER = "$(TEST_HOST)";
				CODE_SIGN_STYLE = Automatic;
				CURRENT_PROJECT_VERSION = 1;
				GENERATE_INFOPLIST_FILE = YES;
				IPHONEOS_DEPLOYMENT_TARGET = 15.2;
				MARKETING_VERSION = 1.0;
				PRODUCT_BUNDLE_IDENTIFIER = com.tedtya.Burger.BurgerRecipeTests;
				PRODUCT_NAME = "$(TARGET_NAME)";
				SWIFT_EMIT_LOC_STRINGS = NO;
				SWIFT_VERSION = 5.0;
				TARGETED_DEVICE_FAMILY = "1,2";
				TEST_HOST = "$(BUILT_PRODUCTS_DIR)/BurgerRecipe.app/BurgerRecipe";
			};
			name = Release;
		};
		D32265DC2798E3870053927F /* Debug */ = {
			isa = XCBuildConfiguration;
			buildSettings = {
				ALWAYS_EMBED_SWIFT_STANDARD_LIBRARIES = YES;
				CODE_SIGN_STYLE = Automatic;
				CURRENT_PROJECT_VERSION = 1;
				GENERATE_INFOPLIST_FILE = YES;
				MARKETING_VERSION = 1.0;
				PRODUCT_BUNDLE_IDENTIFIER = com.tedtya.Burger.BurgerRecipeUITests;
				PRODUCT_NAME = "$(TARGET_NAME)";
				SWIFT_EMIT_LOC_STRINGS = NO;
				SWIFT_VERSION = 5.0;
				TARGETED_DEVICE_FAMILY = "1,2";
				TEST_TARGET_NAME = BurgerRecipe;
			};
			name = Debug;
		};
		D32265DD2798E3870053927F /* Release */ = {
			isa = XCBuildConfiguration;
			buildSettings = {
				ALWAYS_EMBED_SWIFT_STANDARD_LIBRARIES = YES;
				CODE_SIGN_STYLE = Automatic;
				CURRENT_PROJECT_VERSION = 1;
				GENERATE_INFOPLIST_FILE = YES;
				MARKETING_VERSION = 1.0;
				PRODUCT_BUNDLE_IDENTIFIER = com.tedtya.Burger.BurgerRecipeUITests;
				PRODUCT_NAME = "$(TARGET_NAME)";
				SWIFT_EMIT_LOC_STRINGS = NO;
				SWIFT_VERSION = 5.0;
				TARGETED_DEVICE_FAMILY = "1,2";
				TEST_TARGET_NAME = BurgerRecipe;
			};
			name = Release;
		};
/* End XCBuildConfiguration section */

/* Begin XCConfigurationList section */
		D32265A62798E3860053927F /* Build configuration list for PBXProject "BurgerRecipe" */ = {
			isa = XCConfigurationList;
			buildConfigurations = (
				D32265D32798E3870053927F /* Debug */,
				D32265D42798E3870053927F /* Release */,
			);
			defaultConfigurationIsVisible = 0;
			defaultConfigurationName = Release;
		};
		D32265D52798E3870053927F /* Build configuration list for PBXNativeTarget "BurgerRecipe" */ = {
			isa = XCConfigurationList;
			buildConfigurations = (
				D32265D62798E3870053927F /* Debug */,
				D32265D72798E3870053927F /* Release */,
			);
			defaultConfigurationIsVisible = 0;
			defaultConfigurationName = Release;
		};
		D32265D82798E3870053927F /* Build configuration list for PBXNativeTarget "BurgerRecipeTests" */ = {
			isa = XCConfigurationList;
			buildConfigurations = (
				D32265D92798E3870053927F /* Debug */,
				D32265DA2798E3870053927F /* Release */,
			);
			defaultConfigurationIsVisible = 0;
			defaultConfigurationName = Release;
		};
		D32265DB2798E3870053927F /* Build configuration list for PBXNativeTarget "BurgerRecipeUITests" */ = {
			isa = XCConfigurationList;
			buildConfigurations = (
				D32265DC2798E3870053927F /* Debug */,
				D32265DD2798E3870053927F /* Release */,
			);
			defaultConfigurationIsVisible = 0;
			defaultConfigurationName = Release;
		};
/* End XCConfigurationList section */
	};
	rootObject = D32265A32798E3860053927F /* Project object */;
}
